PODS:
  - FloatingPanel (1.7.5)
  - FontAwesome.swift (5.14.0)
  - SPAlert (2.1.4)

DEPENDENCIES:
  - FloatingPanel
  - FontAwesome.swift
  - SPAlert

SPEC REPOS:
  trunk:
    - FloatingPanel
    - FontAwesome.swift
    - SPAlert

SPEC CHECKSUMS:
  FloatingPanel: bb17fd6fc7ae519f877f7bd30f4f6115a78acf07
  FontAwesome.swift: bbb75cd5b380ffb297f557301468a901a1c0cfad
  SPAlert: 1a8afa1c6ac86a82ab5b2cfdf7f9a51e68cb6c0c

PODFILE CHECKSUM: 540623d265f53e578956aed909fbd25207badc96

COCOAPODS: 1.9.1
