PODS:
  - FloatingPanel (1.7.4)
  - FontAwesome.swift (1.9.0)
  - SPAlert (2.1.4)

DEPENDENCIES:
  - FloatingPanel
  - FontAwesome.swift
  - SPAlert

SPEC REPOS:
  trunk:
    - FloatingPanel
    - FontAwesome.swift
    - SPAlert

SPEC CHECKSUMS:
  FloatingPanel: 3c9d0e30fe350e1613157557769d2ec97f76b96b
  FontAwesome.swift: a403b88cec950511745ba8f2decd1b6a07346d13
  SPAlert: 1a8afa1c6ac86a82ab5b2cfdf7f9a51e68cb6c0c

PODFILE CHECKSUM: 540623d265f53e578956aed909fbd25207badc96

COCOAPODS: 1.9.1
